
Microsoft Visual Studio Solution File, Format Version 12.00
# Visual Studio 2013
VisualStudioVersion = 12.0.31101.0
MinimumVisualStudioVersion = 10.0.40219.1
Project("{FAE04EC0-301F-11D3-BF4B-00C04F79EFBC}") = "MvcAjax", "MvcAjax\MvcAjax.csproj", "{B483B91E-F8F3-41FE-863C-2AB43E22C3E3}"
EndProject
Project("{FAE04EC0-301F-11D3-BF4B-00C04F79EFBC}") = "MvcAjax.Tests", "MvcAjax.Tests\MvcAjax.Tests.csproj", "{AA9C2EF3-182B-4D69-8C90-135F066E51D9}"
EndProject
Global
	GlobalSection(SolutionConfigurationPlatforms) = preSolution
		Debug|Any CPU = Debug|Any CPU
		Release|Any CPU = Release|Any CPU
	EndGlobalSection
	GlobalSection(ProjectConfigurationPlatforms) = postSolution
		{B483B91E-F8F3-41FE-863C-2AB43E22C3E3}.Debug|Any CPU.ActiveCfg = Debug|Any CPU
		{B483B91E-F8F3-41FE-863C-2AB43E22C3E3}.Debug|Any CPU.Build.0 = Debug|Any CPU
		{B483B91E-F8F3-41FE-863C-2AB43E22C3E3}.Release|Any CPU.ActiveCfg = Release|Any CPU
		{B483B91E-F8F3-41FE-863C-2AB43E22C3E3}.Release|Any CPU.Build.0 = Release|Any CPU
		{AA9C2EF3-182B-4D69-8C90-135F066E51D9}.Debug|Any CPU.ActiveCfg = Debug|Any CPU
		{AA9C2EF3-182B-4D69-8C90-135F066E51D9}.Debug|Any CPU.Build.0 = Debug|Any CPU
		{AA9C2EF3-182B-4D69-8C90-135F066E51D9}.Release|Any CPU.ActiveCfg = Release|Any CPU
		{AA9C2EF3-182B-4D69-8C90-135F066E51D9}.Release|Any CPU.Build.0 = Release|Any CPU
	EndGlobalSection
	GlobalSection(SolutionProperties) = preSolution
		HideSolutionNode = FALSE
	EndGlobalSection
EndGlobal
